
Microsoft Visual Studio Solution File, Format Version 12.00
# Visual Studio Version 17
VisualStudioVersion = 17.4.33205.214
MinimumVisualStudioVersion = 10.0.40219.1
Project("{9A19103F-16F7-4668-BE54-9A1E7A4F7556}") = "app-console-teste", "app-console-teste\app-console-teste.csproj", "{FD2BE6C3-B229-42A3-B4BE-97CD57C50841}"
EndProject
Project("{9A19103F-16F7-4668-BE54-9A1E7A4F7556}") = "exercicio-log-1", "exercicio-log-1\exercicio-log-1.csproj", "{24EEFA73-4C40-4C8F-8FC3-4900F6C7E83E}"
EndProject
Project("{9A19103F-16F7-4668-BE54-9A1E7A4F7556}") = "exercicio-log-2", "exercicio-log-2\exercicio-log-2.csproj", "{2445AB5F-E2CF-484C-AAFD-F03079A8ABA6}"
EndProject
Project("{9A19103F-16F7-4668-BE54-9A1E7A4F7556}") = "exercicio-log-3", "exercicio-log-3\exercicio-log-3.csproj", "{E823651C-892C-4CC4-B809-53C2DB3CA12D}"
EndProject
Project("{9A19103F-16F7-4668-BE54-9A1E7A4F7556}") = "exercicio-log-5", "exercicio-log-4\exercicio-log-5.csproj", "{31F62E0B-D36B-4A83-8D98-62C7EDE6B7F4}"
EndProject
Project("{FAE04EC0-301F-11D3-BF4B-00C04F79EFBC}") = "exercicio-log-6", "exercicio-log-5\exercicio-log-6.csproj", "{50B18FBC-4BCA-4BBF-A8B1-2CBD0B03C116}"
EndProject
Project("{FAE04EC0-301F-11D3-BF4B-00C04F79EFBC}") = "exercicio-log-4", "exercicio-log-42\exercicio-log-4.csproj", "{70020111-BF72-4964-AEBA-82D21A87D00C}"
EndProject
Global
	GlobalSection(SolutionConfigurationPlatforms) = preSolution
		Debug|Any CPU = Debug|Any CPU
		Release|Any CPU = Release|Any CPU
	EndGlobalSection
	GlobalSection(ProjectConfigurationPlatforms) = postSolution
		{FD2BE6C3-B229-42A3-B4BE-97CD57C50841}.Debug|Any CPU.ActiveCfg = Debug|Any CPU
		{FD2BE6C3-B229-42A3-B4BE-97CD57C50841}.Debug|Any CPU.Build.0 = Debug|Any CPU
		{FD2BE6C3-B229-42A3-B4BE-97CD57C50841}.Release|Any CPU.ActiveCfg = Release|Any CPU
		{FD2BE6C3-B229-42A3-B4BE-97CD57C50841}.Release|Any CPU.Build.0 = Release|Any CPU
		{24EEFA73-4C40-4C8F-8FC3-4900F6C7E83E}.Debug|Any CPU.ActiveCfg = Debug|Any CPU
		{24EEFA73-4C40-4C8F-8FC3-4900F6C7E83E}.Debug|Any CPU.Build.0 = Debug|Any CPU
		{24EEFA73-4C40-4C8F-8FC3-4900F6C7E83E}.Release|Any CPU.ActiveCfg = Release|Any CPU
		{24EEFA73-4C40-4C8F-8FC3-4900F6C7E83E}.Release|Any CPU.Build.0 = Release|Any CPU
		{2445AB5F-E2CF-484C-AAFD-F03079A8ABA6}.Debug|Any CPU.ActiveCfg = Debug|Any CPU
		{2445AB5F-E2CF-484C-AAFD-F03079A8ABA6}.Debug|Any CPU.Build.0 = Debug|Any CPU
		{2445AB5F-E2CF-484C-AAFD-F03079A8ABA6}.Release|Any CPU.ActiveCfg = Release|Any CPU
		{2445AB5F-E2CF-484C-AAFD-F03079A8ABA6}.Release|Any CPU.Build.0 = Release|Any CPU
		{E823651C-892C-4CC4-B809-53C2DB3CA12D}.Debug|Any CPU.ActiveCfg = Debug|Any CPU
		{E823651C-892C-4CC4-B809-53C2DB3CA12D}.Debug|Any CPU.Build.0 = Debug|Any CPU
		{E823651C-892C-4CC4-B809-53C2DB3CA12D}.Release|Any CPU.ActiveCfg = Release|Any CPU
		{E823651C-892C-4CC4-B809-53C2DB3CA12D}.Release|Any CPU.Build.0 = Release|Any CPU
		{31F62E0B-D36B-4A83-8D98-62C7EDE6B7F4}.Debug|Any CPU.ActiveCfg = Debug|Any CPU
		{31F62E0B-D36B-4A83-8D98-62C7EDE6B7F4}.Debug|Any CPU.Build.0 = Debug|Any CPU
		{31F62E0B-D36B-4A83-8D98-62C7EDE6B7F4}.Release|Any CPU.ActiveCfg = Release|Any CPU
		{31F62E0B-D36B-4A83-8D98-62C7EDE6B7F4}.Release|Any CPU.Build.0 = Release|Any CPU
		{50B18FBC-4BCA-4BBF-A8B1-2CBD0B03C116}.Debug|Any CPU.ActiveCfg = Debug|Any CPU
		{50B18FBC-4BCA-4BBF-A8B1-2CBD0B03C116}.Debug|Any CPU.Build.0 = Debug|Any CPU
		{50B18FBC-4BCA-4BBF-A8B1-2CBD0B03C116}.Release|Any CPU.ActiveCfg = Release|Any CPU
		{50B18FBC-4BCA-4BBF-A8B1-2CBD0B03C116}.Release|Any CPU.Build.0 = Release|Any CPU
		{70020111-BF72-4964-AEBA-82D21A87D00C}.Debug|Any CPU.ActiveCfg = Debug|Any CPU
		{70020111-BF72-4964-AEBA-82D21A87D00C}.Debug|Any CPU.Build.0 = Debug|Any CPU
		{70020111-BF72-4964-AEBA-82D21A87D00C}.Release|Any CPU.ActiveCfg = Release|Any CPU
		{70020111-BF72-4964-AEBA-82D21A87D00C}.Release|Any CPU.Build.0 = Release|Any CPU
	EndGlobalSection
	GlobalSection(SolutionProperties) = preSolution
		HideSolutionNode = FALSE
	EndGlobalSection
	GlobalSection(ExtensibilityGlobals) = postSolution
		SolutionGuid = {A18DA7BA-E7E0-41AB-A899-ED1763C5E9BE}
	EndGlobalSection
EndGlobal
